
Microsoft Visual Studio Solution File, Format Version 12.00
# Visual Studio 15
VisualStudioVersion = 15.0.34031.82
MinimumVisualStudioVersion = 10.0.40219.1
Project("{FAE04EC0-301F-11D3-BF4B-00C04F79EFBC}") = "MicPaint", "MicPaint\MicPaint.csproj", "{EB28BABF-8C43-4396-A186-DD07E2EEA7DE}"
EndProject
Global
	GlobalSection(SolutionConfigurationPlatforms) = preSolution
		Debug|Any CPU = Debug|Any CPU
		Release|Any CPU = Release|Any CPU
	EndGlobalSection
	GlobalSection(ProjectConfigurationPlatforms) = postSolution
		{EB28BABF-8C43-4396-A186-DD07E2EEA7DE}.Debug|Any CPU.ActiveCfg = Debug|Any CPU
		{EB28BABF-8C43-4396-A186-DD07E2EEA7DE}.Debug|Any CPU.Build.0 = Debug|Any CPU
		{EB28BABF-8C43-4396-A186-DD07E2EEA7DE}.Release|Any CPU.ActiveCfg = Release|Any CPU
		{EB28BABF-8C43-4396-A186-DD07E2EEA7DE}.Release|Any CPU.Build.0 = Release|Any CPU
	EndGlobalSection
	GlobalSection(SolutionProperties) = preSolution
		HideSolutionNode = FALSE
	EndGlobalSection
	GlobalSection(ExtensibilityGlobals) = postSolution
		SolutionGuid = {B7DEFF59-7939-4A72-96FD-20457EDB571D}
	EndGlobalSection
EndGlobal
